
Microsoft Visual Studio Solution File, Format Version 12.00
# Visual Studio Version 16
VisualStudioVersion = 16.0.30717.126
MinimumVisualStudioVersion = 10.0.40219.1
Project("{9A19103F-16F7-4668-BE54-9A1E7A4F7556}") = "Design-Pattern-Abstract-Factory", "Design-Pattern-Abstract-Factory.csproj", "{6D7E7496-D150-4489-ADF0-AB560ECDE3DA}"
EndProject
Project("{9A19103F-16F7-4668-BE54-9A1E7A4F7556}") = "Design-Pattern-Simple-Factory", "..\Design-Pattern-Simple-Factory\Design-Pattern-Simple-Factory.csproj", "{FDEF632D-4B6D-4AFE-B4AC-90CCAEE75306}"
EndProject
Project("{FAE04EC0-301F-11D3-BF4B-00C04F79EFBC}") = "Design-Pattern-Factory-Method", "..\Design-Pattern-Factory-Method\Design-Pattern-Factory-Method.csproj", "{6A4A9624-A724-48BC-A08B-A2BD161E2CAF}"
EndProject
Global
	GlobalSection(SolutionConfigurationPlatforms) = preSolution
		Debug|Any CPU = Debug|Any CPU
		Release|Any CPU = Release|Any CPU
	EndGlobalSection
	GlobalSection(ProjectConfigurationPlatforms) = postSolution
		{6D7E7496-D150-4489-ADF0-AB560ECDE3DA}.Debug|Any CPU.ActiveCfg = Debug|Any CPU
		{6D7E7496-D150-4489-ADF0-AB560ECDE3DA}.Debug|Any CPU.Build.0 = Debug|Any CPU
		{6D7E7496-D150-4489-ADF0-AB560ECDE3DA}.Release|Any CPU.ActiveCfg = Release|Any CPU
		{6D7E7496-D150-4489-ADF0-AB560ECDE3DA}.Release|Any CPU.Build.0 = Release|Any CPU
		{FDEF632D-4B6D-4AFE-B4AC-90CCAEE75306}.Debug|Any CPU.ActiveCfg = Debug|Any CPU
		{FDEF632D-4B6D-4AFE-B4AC-90CCAEE75306}.Debug|Any CPU.Build.0 = Debug|Any CPU
		{FDEF632D-4B6D-4AFE-B4AC-90CCAEE75306}.Release|Any CPU.ActiveCfg = Release|Any CPU
		{FDEF632D-4B6D-4AFE-B4AC-90CCAEE75306}.Release|Any CPU.Build.0 = Release|Any CPU
		{6A4A9624-A724-48BC-A08B-A2BD161E2CAF}.Debug|Any CPU.ActiveCfg = Debug|Any CPU
		{6A4A9624-A724-48BC-A08B-A2BD161E2CAF}.Debug|Any CPU.Build.0 = Debug|Any CPU
		{6A4A9624-A724-48BC-A08B-A2BD161E2CAF}.Release|Any CPU.ActiveCfg = Release|Any CPU
		{6A4A9624-A724-48BC-A08B-A2BD161E2CAF}.Release|Any CPU.Build.0 = Release|Any CPU
	EndGlobalSection
	GlobalSection(SolutionProperties) = preSolution
		HideSolutionNode = FALSE
	EndGlobalSection
	GlobalSection(ExtensibilityGlobals) = postSolution
		SolutionGuid = {88DAA3AD-8D52-4FF3-9FAC-4877169CF04A}
	EndGlobalSection
EndGlobal
